
Microsoft Visual Studio Solution File, Format Version 12.00
# Visual Studio Version 17
VisualStudioVersion = 17.3.32929.385
MinimumVisualStudioVersion = 10.0.40219.1
Project("{9A19103F-16F7-4668-BE54-9A1E7A4F7556}") = "BelzontWE", "BelzontWE\BelzontWE.csproj", "{8861032F-DE0F-4BFA-AFA3-D910ED8282FD}"
EndProject
Project("{9A19103F-16F7-4668-BE54-9A1E7A4F7556}") = "BelzontWE.Commons", "BelzontWE.Commons\BelzontWE.Commons.csproj", "{5B42993F-EDAA-4729-982E-552EAA26DC85}"
	ProjectSection(ProjectDependencies) = postProject
		{57E99DB3-5CF0-451E-ACC2-0D1CFE93066E} = {57E99DB3-5CF0-451E-ACC2-0D1CFE93066E}
	EndProjectSection
EndProject
Project("{9A19103F-16F7-4668-BE54-9A1E7A4F7556}") = "WE_EUIS", "WE_EUIS\WE_EUIS.csproj", "{721000B2-FADC-4F9F-9200-726C7357EE5E}"
	ProjectSection(ProjectDependencies) = postProject
		{5B42993F-EDAA-4729-982E-552EAA26DC85} = {5B42993F-EDAA-4729-982E-552EAA26DC85}
		{8861032F-DE0F-4BFA-AFA3-D910ED8282FD} = {8861032F-DE0F-4BFA-AFA3-D910ED8282FD}
	EndProjectSection
EndProject
Project("{9A19103F-16F7-4668-BE54-9A1E7A4F7556}") = "_Frontends", "_Frontends\_Frontends.csproj", "{57E99DB3-5CF0-451E-ACC2-0D1CFE93066E}"
EndProject
Global
	GlobalSection(SolutionConfigurationPlatforms) = preSolution
		Debug|Any CPU = Debug|Any CPU
		Release|Any CPU = Release|Any CPU
	EndGlobalSection
	GlobalSection(ProjectConfigurationPlatforms) = postSolution
		{8861032F-DE0F-4BFA-AFA3-D910ED8282FD}.Debug|Any CPU.ActiveCfg = Debug|Any CPU
		{8861032F-DE0F-4BFA-AFA3-D910ED8282FD}.Debug|Any CPU.Build.0 = Debug|Any CPU
		{8861032F-DE0F-4BFA-AFA3-D910ED8282FD}.Release|Any CPU.ActiveCfg = Release|Any CPU
		{8861032F-DE0F-4BFA-AFA3-D910ED8282FD}.Release|Any CPU.Build.0 = Release|Any CPU
		{5B42993F-EDAA-4729-982E-552EAA26DC85}.Debug|Any CPU.ActiveCfg = Debug|Any CPU
		{5B42993F-EDAA-4729-982E-552EAA26DC85}.Debug|Any CPU.Build.0 = Debug|Any CPU
		{5B42993F-EDAA-4729-982E-552EAA26DC85}.Release|Any CPU.ActiveCfg = Release|Any CPU
		{5B42993F-EDAA-4729-982E-552EAA26DC85}.Release|Any CPU.Build.0 = Release|Any CPU
		{721000B2-FADC-4F9F-9200-726C7357EE5E}.Debug|Any CPU.ActiveCfg = Debug|Any CPU
		{721000B2-FADC-4F9F-9200-726C7357EE5E}.Debug|Any CPU.Build.0 = Debug|Any CPU
		{721000B2-FADC-4F9F-9200-726C7357EE5E}.Release|Any CPU.ActiveCfg = Release|Any CPU
		{721000B2-FADC-4F9F-9200-726C7357EE5E}.Release|Any CPU.Build.0 = Release|Any CPU
		{57E99DB3-5CF0-451E-ACC2-0D1CFE93066E}.Debug|Any CPU.ActiveCfg = Debug|Any CPU
		{57E99DB3-5CF0-451E-ACC2-0D1CFE93066E}.Debug|Any CPU.Build.0 = Debug|Any CPU
		{57E99DB3-5CF0-451E-ACC2-0D1CFE93066E}.Release|Any CPU.ActiveCfg = Release|Any CPU
		{57E99DB3-5CF0-451E-ACC2-0D1CFE93066E}.Release|Any CPU.Build.0 = Release|Any CPU
	EndGlobalSection
	GlobalSection(SolutionProperties) = preSolution
		HideSolutionNode = FALSE
	EndGlobalSection
	GlobalSection(ExtensibilityGlobals) = postSolution
		SolutionGuid = {E69B907F-8D16-4563-B2AD-70C84A781E4E}
	EndGlobalSection
EndGlobal
